
Microsoft Visual Studio Solution File, Format Version 12.00
# Visual Studio 15
VisualStudioVersion = 15.0.27428.2037
MinimumVisualStudioVersion = 10.0.40219.1
Project("{FAE04EC0-301F-11D3-BF4B-00C04F79EFBC}") = "KestrelPlatform", "KestrelPlatform\KestrelPlatform.csproj", "{96684395-F2F0-431F-A3FE-03A87D7FAD76}"
EndProject
Global
	GlobalSection(SolutionConfigurationPlatforms) = preSolution
		Debug|Any CPU = Debug|Any CPU
		Release|Any CPU = Release|Any CPU
	EndGlobalSection
	GlobalSection(ProjectConfigurationPlatforms) = postSolution
		{96684395-F2F0-431F-A3FE-03A87D7FAD76}.Debug|Any CPU.ActiveCfg = Debug|Any CPU
		{96684395-F2F0-431F-A3FE-03A87D7FAD76}.Debug|Any CPU.Build.0 = Debug|Any CPU
		{96684395-F2F0-431F-A3FE-03A87D7FAD76}.Release|Any CPU.ActiveCfg = Release|Any CPU
		{96684395-F2F0-431F-A3FE-03A87D7FAD76}.Release|Any CPU.Build.0 = Release|Any CPU
	EndGlobalSection
	GlobalSection(SolutionProperties) = preSolution
		HideSolutionNode = FALSE
	EndGlobalSection
	GlobalSection(ExtensibilityGlobals) = postSolution
		SolutionGuid = {3B28D57E-4161-46FF-B0C6-125FAADB1C7F}
	EndGlobalSection
EndGlobal
